// !$*UTF8*$!
{
	archiveVersion = 1;
	classes = {
	};
	objectVersion = 77;
	objects = {

/* Begin PBXBuildFile section */
		017BDCF8DE9C2D8BD75F56E4 /* Assets.xcassets in Resources */ = {isa = PBXBuildFile; fileRef = FB56438A16343774D35E158D /* Assets.xcassets */; };
		1FB0E0DC74982AC98D5CF5D9 /* KafenoxApp.swift in Sources */ = {isa = PBXBuildFile; fileRef = 27EBEC08D6F40323BDC9B148 /* KafenoxApp.swift */; };
		3373CB142C7A300F6901086E /* Preview Assets.xcassets in Resources */ = {isa = PBXBuildFile; fileRef = 654C2AF915808DC603B31092 /* Preview Assets.xcassets */; };
		3CB26879A62E79B12CFE2302 /* KafenoxCore in Frameworks */ = {isa = PBXBuildFile; productRef = 324E69BFF0807C7FEDCD1B55 /* KafenoxCore */; };
		79675CBE3B8F92C9ADB114E7 /* KafenoxDesignSystem in Frameworks */ = {isa = PBXBuildFile; productRef = D147AE43349B8D2BF8D6E3E5 /* KafenoxDesignSystem */; };
		8A09D92A1030499B89E60A8A /* KafenoxNetworking in Frameworks */ = {isa = PBXBuildFile; productRef = D53C68CA2EA3D168458BD90F /* KafenoxNetworking */; };
		C274BF333433817ACA0B9991 /* KafenoxTabBar.swift in Sources */ = {isa = PBXBuildFile; fileRef = CBE1749D8F9AA80ADD34CBCB /* KafenoxTabBar.swift */; };
		E24AFCC1711A63B0A3E80F1E /* RootView.swift in Sources */ = {isa = PBXBuildFile; fileRef = B53E6019FDCEB8D496D78CAC /* RootView.swift */; };
		E30E128A92611F22A33E7D3A /* KafenoxFeatures in Frameworks */ = {isa = PBXBuildFile; productRef = AA37CC873D81844D26C1C6F1 /* KafenoxFeatures */; };
/* End PBXBuildFile section */

/* Begin PBXFileReference section */
		27EBEC08D6F40323BDC9B148 /* KafenoxApp.swift */ = {isa = PBXFileReference; lastKnownFileType = sourcecode.swift; path = KafenoxApp.swift; sourceTree = "<group>"; };
		3DD3FD454DFC15B02388FF4F /* DesignSystem */ = {isa = PBXFileReference; lastKnownFileType = folder; name = DesignSystem; path = ../Packages/DesignSystem; sourceTree = SOURCE_ROOT; };
		3ED6EC243B80538A69E8D255 /* Features */ = {isa = PBXFileReference; lastKnownFileType = folder; name = Features; path = ../Packages/Features; sourceTree = SOURCE_ROOT; };
		63AFFAE2B0C896A8180A1512 /* Release.xcconfig */ = {isa = PBXFileReference; lastKnownFileType = text.xcconfig; path = Release.xcconfig; sourceTree = "<group>"; };
		654C2AF915808DC603B31092 /* Preview Assets.xcassets */ = {isa = PBXFileReference; lastKnownFileType = folder.assetcatalog; path = "Preview Assets.xcassets"; sourceTree = "<group>"; };
		9BAB50C03E1CE2E68639D318 /* Core */ = {isa = PBXFileReference; lastKnownFileType = folder; name = Core; path = ../Packages/Core; sourceTree = SOURCE_ROOT; };
		B53E6019FDCEB8D496D78CAC /* RootView.swift */ = {isa = PBXFileReference; lastKnownFileType = sourcecode.swift; path = RootView.swift; sourceTree = "<group>"; };
		B60123D4A28F6191ED10565B /* Kafenox.app */ = {isa = PBXFileReference; includeInIndex = 0; lastKnownFileType = wrapper.application; path = Kafenox.app; sourceTree = BUILT_PRODUCTS_DIR; };
		C7C6AC9B00FD1642555BA49B /* Debug.xcconfig */ = {isa = PBXFileReference; lastKnownFileType = text.xcconfig; path = Debug.xcconfig; sourceTree = "<group>"; };
		CBE1749D8F9AA80ADD34CBCB /* KafenoxTabBar.swift */ = {isa = PBXFileReference; lastKnownFileType = sourcecode.swift; path = KafenoxTabBar.swift; sourceTree = "<group>"; };
		E80D100AF267DBA326C0B68C /* Networking */ = {isa = PBXFileReference; lastKnownFileType = folder; name = Networking; path = ../Packages/Networking; sourceTree = SOURCE_ROOT; };
		FB56438A16343774D35E158D /* Assets.xcassets */ = {isa = PBXFileReference; lastKnownFileType = folder.assetcatalog; path = Assets.xcassets; sourceTree = "<group>"; };
/* End PBXFileReference section */

/* Begin PBXFrameworksBuildPhase section */
		5F3ECFA8188B5A8CC0EAE736 /* Frameworks */ = {
			isa = PBXFrameworksBuildPhase;
			buildActionMask = 2147483647;
			files = (
				3CB26879A62E79B12CFE2302 /* KafenoxCore in Frameworks */,
				79675CBE3B8F92C9ADB114E7 /* KafenoxDesignSystem in Frameworks */,
				8A09D92A1030499B89E60A8A /* KafenoxNetworking in Frameworks */,
				E30E128A92611F22A33E7D3A /* KafenoxFeatures in Frameworks */,
			);
			runOnlyForDeploymentPostprocessing = 0;
		};
/* End PBXFrameworksBuildPhase section */

/* Begin PBXGroup section */
		5F61DD74A546F54CEA8E5CF7 /* Preview Content */ = {
			isa = PBXGroup;
			children = (
				654C2AF915808DC603B31092 /* Preview Assets.xcassets */,
			);
			path = "Preview Content";
			sourceTree = "<group>";
		};
		66E2EFC2DA4B5D547022EF19 /* Products */ = {
			isa = PBXGroup;
			children = (
				B60123D4A28F6191ED10565B /* Kafenox.app */,
			);
			name = Products;
			sourceTree = "<group>";
		};
		B509F71020DFB965A62BEFDC /* Kafenox */ = {
			isa = PBXGroup;
			children = (
				FB56438A16343774D35E158D /* Assets.xcassets */,
				27EBEC08D6F40323BDC9B148 /* KafenoxApp.swift */,
				CBE1749D8F9AA80ADD34CBCB /* KafenoxTabBar.swift */,
				B53E6019FDCEB8D496D78CAC /* RootView.swift */,
				5F61DD74A546F54CEA8E5CF7 /* Preview Content */,
				B694455011299E5F44F3D23D /* Views */,
			);
			path = Kafenox;
			sourceTree = "<group>";
		};
		B694455011299E5F44F3D23D /* Views */ = {
			isa = PBXGroup;
			children = (
			);
			path = Views;
			sourceTree = "<group>";
		};
		C3CA17DB9D40B08654DA2BFF /* Config */ = {
			isa = PBXGroup;
			children = (
				C7C6AC9B00FD1642555BA49B /* Debug.xcconfig */,
				63AFFAE2B0C896A8180A1512 /* Release.xcconfig */,
			);
			path = Config;
			sourceTree = "<group>";
		};
		C8BB0C5C5DCF0458F67B3956 /* Packages */ = {
			isa = PBXGroup;
			children = (
				9BAB50C03E1CE2E68639D318 /* Core */,
				3DD3FD454DFC15B02388FF4F /* DesignSystem */,
				3ED6EC243B80538A69E8D255 /* Features */,
				E80D100AF267DBA326C0B68C /* Networking */,
			);
			name = Packages;
			sourceTree = "<group>";
		};
		F1AEABDAFBDA31DF4ACD6721 = {
			isa = PBXGroup;
			children = (
				C3CA17DB9D40B08654DA2BFF /* Config */,
				B509F71020DFB965A62BEFDC /* Kafenox */,
				C8BB0C5C5DCF0458F67B3956 /* Packages */,
				66E2EFC2DA4B5D547022EF19 /* Products */,
			);
			sourceTree = "<group>";
		};
/* End PBXGroup section */

/* Begin PBXNativeTarget section */
		A5A64F86460A4E951CF942D6 /* Kafenox */ = {
			isa = PBXNativeTarget;
			buildConfigurationList = AF08884666214FCEAC16F131 /* Build configuration list for PBXNativeTarget "Kafenox" */;
			buildPhases = (
				FEEDA35D348D523108CD39F3 /* Sources */,
				6026BDF484F59301360F564E /* Resources */,
				5F3ECFA8188B5A8CC0EAE736 /* Frameworks */,
			);
			buildRules = (
			);
			dependencies = (
			);
			name = Kafenox;
			packageProductDependencies = (
				324E69BFF0807C7FEDCD1B55 /* KafenoxCore */,
				D147AE43349B8D2BF8D6E3E5 /* KafenoxDesignSystem */,
				D53C68CA2EA3D168458BD90F /* KafenoxNetworking */,
				AA37CC873D81844D26C1C6F1 /* KafenoxFeatures */,
			);
			productName = Kafenox;
			productReference = B60123D4A28F6191ED10565B /* Kafenox.app */;
			productType = "com.apple.product-type.application";
		};
/* End PBXNativeTarget section */

/* Begin PBXProject section */
		074F6014257BE647DA8AA1A2 /* Project object */ = {
			isa = PBXProject;
			attributes = {
				BuildIndependentTargetsInParallel = YES;
				LastUpgradeCheck = 1430;
				TargetAttributes = {
				};
			};
			buildConfigurationList = 574C6B51350AE1054413DD9D /* Build configuration list for PBXProject "Kafenox" */;
			developmentRegion = en;
			hasScannedForEncodings = 0;
			knownRegions = (
				Base,
				en,
			);
			mainGroup = F1AEABDAFBDA31DF4ACD6721;
			minimizedProjectReferenceProxies = 1;
			packageReferences = (
				393609C27266C9AE43FA9933 /* XCLocalSwiftPackageReference "../Packages/Core" */,
				1F6796C27E946FE377A302BE /* XCLocalSwiftPackageReference "../Packages/DesignSystem" */,
				05E285751A57E11C4878BF7D /* XCLocalSwiftPackageReference "../Packages/Features" */,
				B8B33E4C2BEE5BF3DD545275 /* XCLocalSwiftPackageReference "../Packages/Networking" */,
			);
			preferredProjectObjectVersion = 77;
			productRefGroup = 66E2EFC2DA4B5D547022EF19 /* Products */;
			projectDirPath = "";
			projectRoot = "";
			targets = (
				A5A64F86460A4E951CF942D6 /* Kafenox */,
			);
		};
/* End PBXProject section */

/* Begin PBXResourcesBuildPhase section */
		6026BDF484F59301360F564E /* Resources */ = {
			isa = PBXResourcesBuildPhase;
			buildActionMask = 2147483647;
			files = (
				017BDCF8DE9C2D8BD75F56E4 /* Assets.xcassets in Resources */,
				3373CB142C7A300F6901086E /* Preview Assets.xcassets in Resources */,
			);
			runOnlyForDeploymentPostprocessing = 0;
		};
/* End PBXResourcesBuildPhase section */

/* Begin PBXSourcesBuildPhase section */
		FEEDA35D348D523108CD39F3 /* Sources */ = {
			isa = PBXSourcesBuildPhase;
			buildActionMask = 2147483647;
			files = (
				1FB0E0DC74982AC98D5CF5D9 /* KafenoxApp.swift in Sources */,
				C274BF333433817ACA0B9991 /* KafenoxTabBar.swift in Sources */,
				E24AFCC1711A63B0A3E80F1E /* RootView.swift in Sources */,
			);
			runOnlyForDeploymentPostprocessing = 0;
		};
/* End PBXSourcesBuildPhase section */

/* Begin XCBuildConfiguration section */
		60033D934507A9FD58B369B9 /* Debug */ = {
			isa = XCBuildConfiguration;
			buildSettings = {
				CODE_SIGN_IDENTITY = "iPhone Developer";
				INFOPLIST_FILE = Kafenox/Info.plist;
				LD_RUNPATH_SEARCH_PATHS = (
					"$(inherited)",
					"@executable_path/Frameworks",
				);
				SDKROOT = iphoneos;
				TARGETED_DEVICE_FAMILY = "1,2";
			};
			name = Debug;
		};
		8FE0BD7F705B6ABFFEF15B7F /* Release */ = {
			isa = XCBuildConfiguration;
			buildSettings = {
				CODE_SIGN_IDENTITY = "iPhone Developer";
				INFOPLIST_FILE = Kafenox/Info.plist;
				LD_RUNPATH_SEARCH_PATHS = (
					"$(inherited)",
					"@executable_path/Frameworks",
				);
				SDKROOT = iphoneos;
				TARGETED_DEVICE_FAMILY = "1,2";
			};
			name = Release;
		};
		BBFE864CD8A34404FE493612 /* Debug */ = {
			isa = XCBuildConfiguration;
			baseConfigurationReference = C7C6AC9B00FD1642555BA49B /* Debug.xcconfig */;
			buildSettings = {
				ALWAYS_SEARCH_USER_PATHS = NO;
				CLANG_ANALYZER_NONNULL = YES;
				CLANG_ANALYZER_NUMBER_OBJECT_CONVERSION = YES_AGGRESSIVE;
				CLANG_CXX_LANGUAGE_STANDARD = "gnu++14";
				CLANG_CXX_LIBRARY = "libc++";
				CLANG_ENABLE_MODULES = YES;
				CLANG_ENABLE_OBJC_ARC = YES;
				CLANG_ENABLE_OBJC_WEAK = YES;
				CLANG_WARN_BLOCK_CAPTURE_AUTORELEASING = YES;
				CLANG_WARN_BOOL_CONVERSION = YES;
				CLANG_WARN_COMMA = YES;
				CLANG_WARN_CONSTANT_CONVERSION = YES;
				CLANG_WARN_DEPRECATED_OBJC_IMPLEMENTATIONS = YES;
				CLANG_WARN_DIRECT_OBJC_ISA_USAGE = YES_ERROR;
				CLANG_WARN_DOCUMENTATION_COMMENTS = YES;
				CLANG_WARN_EMPTY_BODY = YES;
				CLANG_WARN_ENUM_CONVERSION = YES;
				CLANG_WARN_INFINITE_RECURSION = YES;
				CLANG_WARN_INT_CONVERSION = YES;
				CLANG_WARN_NON_LITERAL_NULL_CONVERSION = YES;
				CLANG_WARN_OBJC_IMPLICIT_RETAIN_SELF = YES;
				CLANG_WARN_OBJC_LITERAL_CONVERSION = YES;
				CLANG_WARN_OBJC_ROOT_CLASS = YES_ERROR;
				CLANG_WARN_QUOTED_INCLUDE_IN_FRAMEWORK_HEADER = YES;
				CLANG_WARN_RANGE_LOOP_ANALYSIS = YES;
				CLANG_WARN_STRICT_PROTOTYPES = YES;
				CLANG_WARN_SUSPICIOUS_MOVE = YES;
				CLANG_WARN_UNGUARDED_AVAILABILITY = YES_AGGRESSIVE;
				CLANG_WARN_UNREACHABLE_CODE = YES;
				CLANG_WARN__DUPLICATE_METHOD_MATCH = YES;
				COPY_PHASE_STRIP = NO;
				DEBUG_INFORMATION_FORMAT = dwarf;
				ENABLE_STRICT_OBJC_MSGSEND = YES;
				ENABLE_TESTABILITY = YES;
				GCC_C_LANGUAGE_STANDARD = gnu11;
				GCC_DYNAMIC_NO_PIC = NO;
				GCC_NO_COMMON_BLOCKS = YES;
				GCC_OPTIMIZATION_LEVEL = 0;
				GCC_PREPROCESSOR_DEFINITIONS = (
					"$(inherited)",
					"DEBUG=1",
				);
				GCC_WARN_64_TO_32_BIT_CONVERSION = YES;
				GCC_WARN_ABOUT_RETURN_TYPE = YES_ERROR;
				GCC_WARN_UNDECLARED_SELECTOR = YES;
				GCC_WARN_UNINITIALIZED_AUTOS = YES_AGGRESSIVE;
				GCC_WARN_UNUSED_FUNCTION = YES;
				GCC_WARN_UNUSED_VARIABLE = YES;
				MTL_ENABLE_DEBUG_INFO = INCLUDE_SOURCE;
				MTL_FAST_MATH = YES;
				ONLY_ACTIVE_ARCH = YES;
				PRODUCT_NAME = "$(TARGET_NAME)";
				SDKROOT = iphoneos;
				SWIFT_OPTIMIZATION_LEVEL = "-Onone";
			};
			name = Debug;
		};
		D3EDA8C9739ACA68D2719289 /* Release */ = {
			isa = XCBuildConfiguration;
			baseConfigurationReference = 63AFFAE2B0C896A8180A1512 /* Release.xcconfig */;
			buildSettings = {
				ALWAYS_SEARCH_USER_PATHS = NO;
				CLANG_ANALYZER_NONNULL = YES;
				CLANG_ANALYZER_NUMBER_OBJECT_CONVERSION = YES_AGGRESSIVE;
				CLANG_CXX_LANGUAGE_STANDARD = "gnu++14";
				CLANG_CXX_LIBRARY = "libc++";
				CLANG_ENABLE_MODULES = YES;
				CLANG_ENABLE_OBJC_ARC = YES;
				CLANG_ENABLE_OBJC_WEAK = YES;
				CLANG_WARN_BLOCK_CAPTURE_AUTORELEASING = YES;
				CLANG_WARN_BOOL_CONVERSION = YES;
				CLANG_WARN_COMMA = YES;
				CLANG_WARN_CONSTANT_CONVERSION = YES;
				CLANG_WARN_DEPRECATED_OBJC_IMPLEMENTATIONS = YES;
				CLANG_WARN_DIRECT_OBJC_ISA_USAGE = YES_ERROR;
				CLANG_WARN_DOCUMENTATION_COMMENTS = YES;
				CLANG_WARN_EMPTY_BODY = YES;
				CLANG_WARN_ENUM_CONVERSION = YES;
				CLANG_WARN_INFINITE_RECURSION = YES;
				CLANG_WARN_INT_CONVERSION = YES;
				CLANG_WARN_NON_LITERAL_NULL_CONVERSION = YES;
				CLANG_WARN_OBJC_IMPLICIT_RETAIN_SELF = YES;
				CLANG_WARN_OBJC_LITERAL_CONVERSION = YES;
				CLANG_WARN_OBJC_ROOT_CLASS = YES_ERROR;
				CLANG_WARN_QUOTED_INCLUDE_IN_FRAMEWORK_HEADER = YES;
				CLANG_WARN_RANGE_LOOP_ANALYSIS = YES;
				CLANG_WARN_STRICT_PROTOTYPES = YES;
				CLANG_WARN_SUSPICIOUS_MOVE = YES;
				CLANG_WARN_UNGUARDED_AVAILABILITY = YES_AGGRESSIVE;
				CLANG_WARN_UNREACHABLE_CODE = YES;
				CLANG_WARN__DUPLICATE_METHOD_MATCH = YES;
				COPY_PHASE_STRIP = NO;
				DEBUG_INFORMATION_FORMAT = "dwarf-with-dsym";
				ENABLE_NS_ASSERTIONS = NO;
				ENABLE_STRICT_OBJC_MSGSEND = YES;
				GCC_C_LANGUAGE_STANDARD = gnu11;
				GCC_NO_COMMON_BLOCKS = YES;
				GCC_WARN_64_TO_32_BIT_CONVERSION = YES;
				GCC_WARN_ABOUT_RETURN_TYPE = YES_ERROR;
				GCC_WARN_UNDECLARED_SELECTOR = YES;
				GCC_WARN_UNINITIALIZED_AUTOS = YES_AGGRESSIVE;
				GCC_WARN_UNUSED_FUNCTION = YES;
				GCC_WARN_UNUSED_VARIABLE = YES;
				MTL_ENABLE_DEBUG_INFO = NO;
				MTL_FAST_MATH = YES;
				PRODUCT_NAME = "$(TARGET_NAME)";
				SDKROOT = iphoneos;
				SWIFT_COMPILATION_MODE = wholemodule;
				SWIFT_OPTIMIZATION_LEVEL = "-O";
			};
			name = Release;
		};
/* End XCBuildConfiguration section */

/* Begin XCConfigurationList section */
		574C6B51350AE1054413DD9D /* Build configuration list for PBXProject "Kafenox" */ = {
			isa = XCConfigurationList;
			buildConfigurations = (
				BBFE864CD8A34404FE493612 /* Debug */,
				D3EDA8C9739ACA68D2719289 /* Release */,
			);
			defaultConfigurationIsVisible = 0;
			defaultConfigurationName = Debug;
		};
		AF08884666214FCEAC16F131 /* Build configuration list for PBXNativeTarget "Kafenox" */ = {
			isa = XCConfigurationList;
			buildConfigurations = (
				60033D934507A9FD58B369B9 /* Debug */,
				8FE0BD7F705B6ABFFEF15B7F /* Release */,
			);
			defaultConfigurationIsVisible = 0;
			defaultConfigurationName = Debug;
		};
/* End XCConfigurationList section */

/* Begin XCLocalSwiftPackageReference section */
		05E285751A57E11C4878BF7D /* XCLocalSwiftPackageReference "../Packages/Features" */ = {
			isa = XCLocalSwiftPackageReference;
			relativePath = ../Packages/Features;
		};
		1F6796C27E946FE377A302BE /* XCLocalSwiftPackageReference "../Packages/DesignSystem" */ = {
			isa = XCLocalSwiftPackageReference;
			relativePath = ../Packages/DesignSystem;
		};
		393609C27266C9AE43FA9933 /* XCLocalSwiftPackageReference "../Packages/Core" */ = {
			isa = XCLocalSwiftPackageReference;
			relativePath = ../Packages/Core;
		};
		B8B33E4C2BEE5BF3DD545275 /* XCLocalSwiftPackageReference "../Packages/Networking" */ = {
			isa = XCLocalSwiftPackageReference;
			relativePath = ../Packages/Networking;
		};
/* End XCLocalSwiftPackageReference section */

/* Begin XCSwiftPackageProductDependency section */
		324E69BFF0807C7FEDCD1B55 /* KafenoxCore */ = {
			isa = XCSwiftPackageProductDependency;
			productName = KafenoxCore;
		};
		AA37CC873D81844D26C1C6F1 /* KafenoxFeatures */ = {
			isa = XCSwiftPackageProductDependency;
			productName = KafenoxFeatures;
		};
		D147AE43349B8D2BF8D6E3E5 /* KafenoxDesignSystem */ = {
			isa = XCSwiftPackageProductDependency;
			productName = KafenoxDesignSystem;
		};
		D53C68CA2EA3D168458BD90F /* KafenoxNetworking */ = {
			isa = XCSwiftPackageProductDependency;
			productName = KafenoxNetworking;
		};
/* End XCSwiftPackageProductDependency section */
	};
	rootObject = 074F6014257BE647DA8AA1A2 /* Project object */;
}
